
Microsoft Visual Studio Solution File, Format Version 12.00
# Visual Studio Version 16
VisualStudioVersion = 16.0.30320.27
MinimumVisualStudioVersion = 10.0.40219.1
Project("{FAE04EC0-301F-11D3-BF4B-00C04F79EFBC}") = "GUI", "DuLich\GUI.csproj", "{CECF22AD-CCCA-422A-8D98-683442E92C1A}"
EndProject
Project("{FAE04EC0-301F-11D3-BF4B-00C04F79EFBC}") = "DTO", "DTO\DTO.csproj", "{E74A7709-BAA5-4A80-B5D6-55DE18A80C1E}"
EndProject
Project("{FAE04EC0-301F-11D3-BF4B-00C04F79EFBC}") = "BUS", "BUS\BUS.csproj", "{0B24B03C-78E7-4EFD-9003-4B79A02B0B84}"
EndProject
Project("{FAE04EC0-301F-11D3-BF4B-00C04F79EFBC}") = "DAL", "DAL\DAL.csproj", "{650AEC95-7B5C-4CA4-B120-1ADF8A09D5AF}"
EndProject
Global
	GlobalSection(SolutionConfigurationPlatforms) = preSolution
		Debug|Any CPU = Debug|Any CPU
		Release|Any CPU = Release|Any CPU
	EndGlobalSection
	GlobalSection(ProjectConfigurationPlatforms) = postSolution
		{CECF22AD-CCCA-422A-8D98-683442E92C1A}.Debug|Any CPU.ActiveCfg = Debug|Any CPU
		{CECF22AD-CCCA-422A-8D98-683442E92C1A}.Debug|Any CPU.Build.0 = Debug|Any CPU
		{CECF22AD-CCCA-422A-8D98-683442E92C1A}.Release|Any CPU.ActiveCfg = Release|Any CPU
		{CECF22AD-CCCA-422A-8D98-683442E92C1A}.Release|Any CPU.Build.0 = Release|Any CPU
		{E74A7709-BAA5-4A80-B5D6-55DE18A80C1E}.Debug|Any CPU.ActiveCfg = Debug|Any CPU
		{E74A7709-BAA5-4A80-B5D6-55DE18A80C1E}.Debug|Any CPU.Build.0 = Debug|Any CPU
		{E74A7709-BAA5-4A80-B5D6-55DE18A80C1E}.Release|Any CPU.ActiveCfg = Release|Any CPU
		{E74A7709-BAA5-4A80-B5D6-55DE18A80C1E}.Release|Any CPU.Build.0 = Release|Any CPU
		{0B24B03C-78E7-4EFD-9003-4B79A02B0B84}.Debug|Any CPU.ActiveCfg = Debug|Any CPU
		{0B24B03C-78E7-4EFD-9003-4B79A02B0B84}.Debug|Any CPU.Build.0 = Debug|Any CPU
		{0B24B03C-78E7-4EFD-9003-4B79A02B0B84}.Release|Any CPU.ActiveCfg = Release|Any CPU
		{0B24B03C-78E7-4EFD-9003-4B79A02B0B84}.Release|Any CPU.Build.0 = Release|Any CPU
		{650AEC95-7B5C-4CA4-B120-1ADF8A09D5AF}.Debug|Any CPU.ActiveCfg = Debug|Any CPU
		{650AEC95-7B5C-4CA4-B120-1ADF8A09D5AF}.Debug|Any CPU.Build.0 = Debug|Any CPU
		{650AEC95-7B5C-4CA4-B120-1ADF8A09D5AF}.Release|Any CPU.ActiveCfg = Release|Any CPU
		{650AEC95-7B5C-4CA4-B120-1ADF8A09D5AF}.Release|Any CPU.Build.0 = Release|Any CPU
	EndGlobalSection
	GlobalSection(SolutionProperties) = preSolution
		HideSolutionNode = FALSE
	EndGlobalSection
	GlobalSection(ExtensibilityGlobals) = postSolution
		SolutionGuid = {1529C4AD-9E27-4F35-9358-52553C0B01A4}
	EndGlobalSection
EndGlobal
